
Microsoft Visual Studio Solution File, Format Version 12.00
# Visual Studio Version 17
VisualStudioVersion = 17.0.32014.148
MinimumVisualStudioVersion = 10.0.40219.1
Project("{FAE04EC0-301F-11D3-BF4B-00C04F79EFBC}") = "CommandDesignPattern", "CommandDesignPattern\CommandDesignPattern.csproj", "{3FF38F18-D84B-4062-AC7E-9A3C1E1A2CD4}"
EndProject
Global
	GlobalSection(SolutionConfigurationPlatforms) = preSolution
		Debug|Any CPU = Debug|Any CPU
		Release|Any CPU = Release|Any CPU
	EndGlobalSection
	GlobalSection(ProjectConfigurationPlatforms) = postSolution
		{3FF38F18-D84B-4062-AC7E-9A3C1E1A2CD4}.Debug|Any CPU.ActiveCfg = Debug|Any CPU
		{3FF38F18-D84B-4062-AC7E-9A3C1E1A2CD4}.Debug|Any CPU.Build.0 = Debug|Any CPU
		{3FF38F18-D84B-4062-AC7E-9A3C1E1A2CD4}.Release|Any CPU.ActiveCfg = Release|Any CPU
		{3FF38F18-D84B-4062-AC7E-9A3C1E1A2CD4}.Release|Any CPU.Build.0 = Release|Any CPU
	EndGlobalSection
	GlobalSection(SolutionProperties) = preSolution
		HideSolutionNode = FALSE
	EndGlobalSection
	GlobalSection(ExtensibilityGlobals) = postSolution
		SolutionGuid = {5D676DF3-5384-4FAE-813E-379CA7FACA2B}
	EndGlobalSection
EndGlobal
